
Microsoft Visual Studio Solution File, Format Version 12.00
# Visual Studio Version 16
VisualStudioVersion = 16.0.31613.86
MinimumVisualStudioVersion = 10.0.40219.1
Project("{FAE04EC0-301F-11D3-BF4B-00C04F79EFBC}") = "Teste 02", "Teste 02\Teste 02.csproj", "{1373065D-FA97-4D86-ABFD-66C807A1B615}"
EndProject
Global
	GlobalSection(SolutionConfigurationPlatforms) = preSolution
		Debug|Any CPU = Debug|Any CPU
		Release|Any CPU = Release|Any CPU
	EndGlobalSection
	GlobalSection(ProjectConfigurationPlatforms) = postSolution
		{1373065D-FA97-4D86-ABFD-66C807A1B615}.Debug|Any CPU.ActiveCfg = Debug|Any CPU
		{1373065D-FA97-4D86-ABFD-66C807A1B615}.Debug|Any CPU.Build.0 = Debug|Any CPU
		{1373065D-FA97-4D86-ABFD-66C807A1B615}.Release|Any CPU.ActiveCfg = Release|Any CPU
		{1373065D-FA97-4D86-ABFD-66C807A1B615}.Release|Any CPU.Build.0 = Release|Any CPU
	EndGlobalSection
	GlobalSection(SolutionProperties) = preSolution
		HideSolutionNode = FALSE
	EndGlobalSection
	GlobalSection(ExtensibilityGlobals) = postSolution
		SolutionGuid = {DD9655E4-F60E-42DA-8FD4-A7FDAC65A9A6}
	EndGlobalSection
EndGlobal
